
Microsoft Visual Studio Solution File, Format Version 12.00
# Visual Studio Version 17
VisualStudioVersion = 17.12.35506.116
MinimumVisualStudioVersion = 10.0.40219.1
Project("{FAE04EC0-301F-11D3-BF4B-00C04F79EFBC}") = "PropertyBitPack", "PropertyBitPack\PropertyBitPack.csproj", "{62E39EE1-A6DF-4531-AC9F-D748558CA4F8}"
EndProject
Project("{FAE04EC0-301F-11D3-BF4B-00C04F79EFBC}") = "PropertyBitPack.SourceGen", "PropertyBitPack.SourceGen\PropertyBitPack.SourceGen.csproj", "{E44C842B-21B0-4E30-BB1B-CCAEF0D956DD}"
EndProject
Project("{FAE04EC0-301F-11D3-BF4B-00C04F79EFBC}") = "PropertyBitPack.Example", "PropertyBitPack.Example\PropertyBitPack.Example.csproj", "{2FE73B02-915D-45D8-A3BC-7F42FC7CC72A}"
EndProject
Project("{D954291E-2A0B-460D-934E-DC6B0785DB48}") = "PropertyBitPack.Shared", "PropertyBitPack.Shared\PropertyBitPack.Shared.shproj", "{9FC57BAC-8713-4547-9F36-9281869F7F29}"
EndProject
Project("{FAE04EC0-301F-11D3-BF4B-00C04F79EFBC}") = "PropertyBitPack.Tests", "PropertyBitPack.Tests\PropertyBitPack.Tests.csproj", "{FBE9312A-BAC3-4E0C-A5B6-6D9E0A984D2C}"
EndProject
Project("{2150E333-8FDC-42A3-9474-1A3956D46DE8}") = "Solution Items", "Solution Items", "{D43C3C62-DDC7-423A-83FE-73E67D1C12B0}"
	ProjectSection(SolutionItems) = preProject
		README.md = README.md
	EndProjectSection
EndProject
Global
	GlobalSection(SolutionConfigurationPlatforms) = preSolution
		Debug|Any CPU = Debug|Any CPU
		Release|Any CPU = Release|Any CPU
	EndGlobalSection
	GlobalSection(ProjectConfigurationPlatforms) = postSolution
		{62E39EE1-A6DF-4531-AC9F-D748558CA4F8}.Debug|Any CPU.ActiveCfg = Debug|Any CPU
		{62E39EE1-A6DF-4531-AC9F-D748558CA4F8}.Debug|Any CPU.Build.0 = Debug|Any CPU
		{62E39EE1-A6DF-4531-AC9F-D748558CA4F8}.Release|Any CPU.ActiveCfg = Release|Any CPU
		{62E39EE1-A6DF-4531-AC9F-D748558CA4F8}.Release|Any CPU.Build.0 = Release|Any CPU
		{E44C842B-21B0-4E30-BB1B-CCAEF0D956DD}.Debug|Any CPU.ActiveCfg = Debug|Any CPU
		{E44C842B-21B0-4E30-BB1B-CCAEF0D956DD}.Debug|Any CPU.Build.0 = Debug|Any CPU
		{E44C842B-21B0-4E30-BB1B-CCAEF0D956DD}.Release|Any CPU.ActiveCfg = Release|Any CPU
		{E44C842B-21B0-4E30-BB1B-CCAEF0D956DD}.Release|Any CPU.Build.0 = Release|Any CPU
		{2FE73B02-915D-45D8-A3BC-7F42FC7CC72A}.Debug|Any CPU.ActiveCfg = Debug|Any CPU
		{2FE73B02-915D-45D8-A3BC-7F42FC7CC72A}.Debug|Any CPU.Build.0 = Debug|Any CPU
		{2FE73B02-915D-45D8-A3BC-7F42FC7CC72A}.Release|Any CPU.ActiveCfg = Release|Any CPU
		{2FE73B02-915D-45D8-A3BC-7F42FC7CC72A}.Release|Any CPU.Build.0 = Release|Any CPU
		{FBE9312A-BAC3-4E0C-A5B6-6D9E0A984D2C}.Debug|Any CPU.ActiveCfg = Debug|Any CPU
		{FBE9312A-BAC3-4E0C-A5B6-6D9E0A984D2C}.Debug|Any CPU.Build.0 = Debug|Any CPU
		{FBE9312A-BAC3-4E0C-A5B6-6D9E0A984D2C}.Release|Any CPU.ActiveCfg = Release|Any CPU
		{FBE9312A-BAC3-4E0C-A5B6-6D9E0A984D2C}.Release|Any CPU.Build.0 = Release|Any CPU
	EndGlobalSection
	GlobalSection(SolutionProperties) = preSolution
		HideSolutionNode = FALSE
	EndGlobalSection
	GlobalSection(SharedMSBuildProjectFiles) = preSolution
		PropertyBitPack.Shared\PropertyBitPack.Shared.projitems*{62e39ee1-a6df-4531-ac9f-d748558ca4f8}*SharedItemsImports = 5
		PropertyBitPack.Shared\PropertyBitPack.Shared.projitems*{9fc57bac-8713-4547-9f36-9281869f7f29}*SharedItemsImports = 13
		PropertyBitPack.Shared\PropertyBitPack.Shared.projitems*{e44c842b-21b0-4e30-bb1b-ccaef0d956dd}*SharedItemsImports = 5
	EndGlobalSection
EndGlobal
