
Microsoft Visual Studio Solution File, Format Version 12.00
# Visual Studio Version 17
VisualStudioVersion = 17.12.35506.116
MinimumVisualStudioVersion = 10.0.40219.1
Project("{FAE04EC0-301F-11D3-BF4B-00C04F79EFBC}") = "PropertyBitPack", "PropertyBitPack\PropertyBitPack.csproj", "{62E39EE1-A6DF-4531-AC9F-D748558CA4F8}"
EndProject
Project("{FAE04EC0-301F-11D3-BF4B-00C04F79EFBC}") = "PropertyBitPack.SourceGen", "PropertyBitPack.SourceGen\PropertyBitPack.SourceGen.csproj", "{E44C842B-21B0-4E30-BB1B-CCAEF0D956DD}"
EndProject
Project("{FAE04EC0-301F-11D3-BF4B-00C04F79EFBC}") = "PropertyBitPack.Example", "PropertyBitPack.Example\PropertyBitPack.Example.csproj", "{2FE73B02-915D-45D8-A3BC-7F42FC7CC72A}"
EndProject
Project("{D954291E-2A0B-460D-934E-DC6B0785DB48}") = "PropertyBitPack.Shared", "PropertyBitPack.Shared\PropertyBitPack.Shared.shproj", "{9FC57BAC-8713-4547-9F36-9281869F7F29}"
EndProject
Project("{FAE04EC0-301F-11D3-BF4B-00C04F79EFBC}") = "PropertyBitPack.Tests", "PropertyBitPack.Tests\PropertyBitPack.Tests.csproj", "{FBE9312A-BAC3-4E0C-A5B6-6D9E0A984D2C}"
EndProject
Project("{2150E333-8FDC-42A3-9474-1A3956D46DE8}") = "Solution Items", "Solution Items", "{D43C3C62-DDC7-423A-83FE-73E67D1C12B0}"
	ProjectSection(SolutionItems) = preProject
		CODE_OF_CONDUCT.md = CODE_OF_CONDUCT.md
		CONTRIBUTING.md = CONTRIBUTING.md
		PropertyBitPack\icon.png = PropertyBitPack\icon.png
		README.md = README.md
	EndProjectSection
EndProject
Project("{2150E333-8FDC-42A3-9474-1A3956D46DE8}") = ".github", ".github", "{31FF0F0E-12E4-430F-9EC7-376E096B1A3F}"
	ProjectSection(SolutionItems) = preProject
		.github\pr_labels.yml = .github\pr_labels.yml
		.github\PULL_REQUEST_TEMPLATE.md = .github\PULL_REQUEST_TEMPLATE.md
	EndProjectSection
EndProject
Project("{2150E333-8FDC-42A3-9474-1A3956D46DE8}") = "workflows", "workflows", "{B23960AC-DEE7-433F-BB49-D56553BABCB5}"
	ProjectSection(SolutionItems) = preProject
		.github\workflows\build.yml = .github\workflows\build.yml
		.github\workflows\dotnet.yml = .github\workflows\dotnet.yml
		.github\workflows\publish.yml = .github\workflows\publish.yml
		.github\workflows\render-md-mermaid.yml = .github\workflows\render-md-mermaid.yml
	EndProjectSection
EndProject
Project("{2150E333-8FDC-42A3-9474-1A3956D46DE8}") = "ISSUE_TEMPLATE", "ISSUE_TEMPLATE", "{7AF0F974-59ED-43D3-9CB1-E3D4E97BAED2}"
	ProjectSection(SolutionItems) = preProject
		.github\ISSUE_TEMPLATE\bug-report.yml = .github\ISSUE_TEMPLATE\bug-report.yml
		.github\ISSUE_TEMPLATE\config.yml = .github\ISSUE_TEMPLATE\config.yml
		.github\ISSUE_TEMPLATE\feature_request.yml = .github\ISSUE_TEMPLATE\feature_request.yml
	EndProjectSection
EndProject
Project("{FAE04EC0-301F-11D3-BF4B-00C04F79EFBC}") = "PropertyBitPackDocs", "PropertyBitPackDocs\PropertyBitPackDocs.csproj", "{E4A02309-7D22-4DE1-A039-06CC9FC98A5F}"
EndProject
Global
	GlobalSection(SolutionConfigurationPlatforms) = preSolution
		Debug|Any CPU = Debug|Any CPU
		Release|Any CPU = Release|Any CPU
	EndGlobalSection
	GlobalSection(ProjectConfigurationPlatforms) = postSolution
		{62E39EE1-A6DF-4531-AC9F-D748558CA4F8}.Debug|Any CPU.ActiveCfg = Debug|Any CPU
		{62E39EE1-A6DF-4531-AC9F-D748558CA4F8}.Debug|Any CPU.Build.0 = Debug|Any CPU
		{62E39EE1-A6DF-4531-AC9F-D748558CA4F8}.Release|Any CPU.ActiveCfg = Release|Any CPU
		{62E39EE1-A6DF-4531-AC9F-D748558CA4F8}.Release|Any CPU.Build.0 = Release|Any CPU
		{E44C842B-21B0-4E30-BB1B-CCAEF0D956DD}.Debug|Any CPU.ActiveCfg = Debug|Any CPU
		{E44C842B-21B0-4E30-BB1B-CCAEF0D956DD}.Debug|Any CPU.Build.0 = Debug|Any CPU
		{E44C842B-21B0-4E30-BB1B-CCAEF0D956DD}.Release|Any CPU.ActiveCfg = Release|Any CPU
		{E44C842B-21B0-4E30-BB1B-CCAEF0D956DD}.Release|Any CPU.Build.0 = Release|Any CPU
		{2FE73B02-915D-45D8-A3BC-7F42FC7CC72A}.Debug|Any CPU.ActiveCfg = Debug|Any CPU
		{2FE73B02-915D-45D8-A3BC-7F42FC7CC72A}.Debug|Any CPU.Build.0 = Debug|Any CPU
		{2FE73B02-915D-45D8-A3BC-7F42FC7CC72A}.Release|Any CPU.ActiveCfg = Release|Any CPU
		{2FE73B02-915D-45D8-A3BC-7F42FC7CC72A}.Release|Any CPU.Build.0 = Release|Any CPU
		{FBE9312A-BAC3-4E0C-A5B6-6D9E0A984D2C}.Debug|Any CPU.ActiveCfg = Debug|Any CPU
		{FBE9312A-BAC3-4E0C-A5B6-6D9E0A984D2C}.Debug|Any CPU.Build.0 = Debug|Any CPU
		{FBE9312A-BAC3-4E0C-A5B6-6D9E0A984D2C}.Release|Any CPU.ActiveCfg = Release|Any CPU
		{FBE9312A-BAC3-4E0C-A5B6-6D9E0A984D2C}.Release|Any CPU.Build.0 = Release|Any CPU
		{E4A02309-7D22-4DE1-A039-06CC9FC98A5F}.Debug|Any CPU.ActiveCfg = Debug|Any CPU
		{E4A02309-7D22-4DE1-A039-06CC9FC98A5F}.Debug|Any CPU.Build.0 = Debug|Any CPU
		{E4A02309-7D22-4DE1-A039-06CC9FC98A5F}.Release|Any CPU.ActiveCfg = Release|Any CPU
		{E4A02309-7D22-4DE1-A039-06CC9FC98A5F}.Release|Any CPU.Build.0 = Release|Any CPU
	EndGlobalSection
	GlobalSection(SolutionProperties) = preSolution
		HideSolutionNode = FALSE
	EndGlobalSection
	GlobalSection(NestedProjects) = preSolution
		{31FF0F0E-12E4-430F-9EC7-376E096B1A3F} = {D43C3C62-DDC7-423A-83FE-73E67D1C12B0}
		{B23960AC-DEE7-433F-BB49-D56553BABCB5} = {31FF0F0E-12E4-430F-9EC7-376E096B1A3F}
		{7AF0F974-59ED-43D3-9CB1-E3D4E97BAED2} = {31FF0F0E-12E4-430F-9EC7-376E096B1A3F}
	EndGlobalSection
	GlobalSection(SharedMSBuildProjectFiles) = preSolution
		PropertyBitPack.Shared\PropertyBitPack.Shared.projitems*{62e39ee1-a6df-4531-ac9f-d748558ca4f8}*SharedItemsImports = 5
		PropertyBitPack.Shared\PropertyBitPack.Shared.projitems*{9fc57bac-8713-4547-9f36-9281869f7f29}*SharedItemsImports = 13
		PropertyBitPack.Shared\PropertyBitPack.Shared.projitems*{e44c842b-21b0-4e30-bb1b-ccaef0d956dd}*SharedItemsImports = 5
	EndGlobalSection
EndGlobal
